
Microsoft Visual Studio Solution File, Format Version 12.00
# Visual Studio Version 17
VisualStudioVersion = 17.14.37012.4
MinimumVisualStudioVersion = 10.0.40219.1
Project("{FAE04EC0-301F-11D3-BF4B-00C04F79EFBC}") = "RS.MemoryPinned", "RS.MemoryPinned.csproj", "{C4782621-DABF-9DB2-EA8D-5577CE8F878E}"
EndProject
Global
	GlobalSection(SolutionConfigurationPlatforms) = preSolution
		Debug|Any CPU = Debug|Any CPU
		Release|Any CPU = Release|Any CPU
	EndGlobalSection
	GlobalSection(ProjectConfigurationPlatforms) = postSolution
		{C4782621-DABF-9DB2-EA8D-5577CE8F878E}.Debug|Any CPU.ActiveCfg = Debug|Any CPU
		{C4782621-DABF-9DB2-EA8D-5577CE8F878E}.Debug|Any CPU.Build.0 = Debug|Any CPU
		{C4782621-DABF-9DB2-EA8D-5577CE8F878E}.Release|Any CPU.ActiveCfg = Release|Any CPU
		{C4782621-DABF-9DB2-EA8D-5577CE8F878E}.Release|Any CPU.Build.0 = Release|Any CPU
	EndGlobalSection
	GlobalSection(SolutionProperties) = preSolution
		HideSolutionNode = FALSE
	EndGlobalSection
	GlobalSection(ExtensibilityGlobals) = postSolution
		SolutionGuid = {663FD0BA-E1BD-4B3C-B13E-E2FEB98E1CB9}
	EndGlobalSection
EndGlobal
